
Microsoft Visual Studio Solution File, Format Version 12.00
# Visual Studio Version 17
VisualStudioVersion = 17.0.31903.59
MinimumVisualStudioVersion = 10.0.40219.1
Project("{2150E333-8FDC-42A3-9474-1A3956D46DE8}") = "src", "src", "{A6853417-1EA4-4E84-A111-2ADCBC5E4BF0}"
EndProject
Project("{FAE04EC0-301F-11D3-BF4B-00C04F79EFBC}") = "Relay.Api", "src\Relay.Api\Relay.Api.csproj", "{849C26D0-305C-4222-B56B-E0D820D0AB28}"
EndProject
Project("{FAE04EC0-301F-11D3-BF4B-00C04F79EFBC}") = "Relay.Application", "src\Relay.Application\Relay.Application.csproj", "{645F576F-40D8-4709-AC30-2334B984707A}"
EndProject
Project("{FAE04EC0-301F-11D3-BF4B-00C04F79EFBC}") = "Relay.Domain", "src\Relay.Domain\Relay.Domain.csproj", "{FBDC2422-2829-4A91-BA91-A892594BCAAB}"
EndProject
Project("{FAE04EC0-301F-11D3-BF4B-00C04F79EFBC}") = "Relay.Infrastructure", "src\Relay.Infrastructure\Relay.Infrastructure.csproj", "{5F166075-BA22-4B0A-8144-25497F33B1CC}"
EndProject
Project("{FAE04EC0-301F-11D3-BF4B-00C04F79EFBC}") = "Relay.Providers.Abstractions", "src\Relay.Providers.Abstractions\Relay.Providers.Abstractions.csproj", "{F2E7F464-352A-4AC2-B1CF-1D5B935A7CA4}"
EndProject
Project("{FAE04EC0-301F-11D3-BF4B-00C04F79EFBC}") = "Relay.Providers.Email.Mailhook", "src\Relay.Providers.Email.Mailhook\Relay.Providers.Email.Mailhook.csproj", "{BA871020-2A4F-45CF-A7DE-CA2861A1B28D}"
EndProject
Project("{FAE04EC0-301F-11D3-BF4B-00C04F79EFBC}") = "Relay.Providers.Email.Postal", "src\Relay.Providers.Email.Postal\Relay.Providers.Email.Postal.csproj", "{D758DE83-88DA-44A6-834B-EFDE9246978D}"
EndProject
Project("{FAE04EC0-301F-11D3-BF4B-00C04F79EFBC}") = "Relay.Providers.Push.Beacon", "src\Relay.Providers.Push.Beacon\Relay.Providers.Push.Beacon.csproj", "{39279653-9454-4442-8455-A3AFF65CE94F}"
EndProject
Project("{FAE04EC0-301F-11D3-BF4B-00C04F79EFBC}") = "Relay.Providers.Sms.Twinkle", "src\Relay.Providers.Sms.Twinkle\Relay.Providers.Sms.Twinkle.csproj", "{3C9C491D-FF70-47BF-81A0-860E9AB60A15}"
EndProject
Project("{FAE04EC0-301F-11D3-BF4B-00C04F79EFBC}") = "Relay.Providers.Webhook", "src\Relay.Providers.Webhook\Relay.Providers.Webhook.csproj", "{DDC73ACA-C812-4C77-8F1B-C62EDF34806E}"
EndProject
Project("{FAE04EC0-301F-11D3-BF4B-00C04F79EFBC}") = "Relay.Worker", "src\Relay.Worker\Relay.Worker.csproj", "{44F78408-67D1-4860-9D14-3704DED61C85}"
EndProject
Project("{2150E333-8FDC-42A3-9474-1A3956D46DE8}") = "tests", "tests", "{59F23D78-1A5E-4B54-BDDE-F932FD7E7185}"
EndProject
Project("{FAE04EC0-301F-11D3-BF4B-00C04F79EFBC}") = "Relay.Application.UnitTests", "tests\Relay.Application.UnitTests\Relay.Application.UnitTests.csproj", "{62A592A2-CB66-4980-B80C-BE0B43B74C2A}"
EndProject
Project("{FAE04EC0-301F-11D3-BF4B-00C04F79EFBC}") = "Relay.Domain.UnitTests", "tests\Relay.Domain.UnitTests\Relay.Domain.UnitTests.csproj", "{7F1F509E-4D12-447C-BB93-776677C50A63}"
EndProject
Project("{FAE04EC0-301F-11D3-BF4B-00C04F79EFBC}") = "Relay.IntegrationTests", "tests\Relay.IntegrationTests\Relay.IntegrationTests.csproj", "{C1EDA512-4B44-41F0-AC01-C3929DE609BF}"
EndProject
Project("{FAE04EC0-301F-11D3-BF4B-00C04F79EFBC}") = "Relay.Providers.ContractTests", "tests\Relay.Providers.ContractTests\Relay.Providers.ContractTests.csproj", "{4160A540-B283-4906-9C2A-011DF17124E5}"
EndProject
Project("{2150E333-8FDC-42A3-9474-1A3956D46DE8}") = "tools", "tools", "{72114AD9-45E9-4D88-B3E0-FA8061CA6686}"
EndProject
Project("{FAE04EC0-301F-11D3-BF4B-00C04F79EFBC}") = "Relay.FakeProviders", "tools\Relay.FakeProviders\Relay.FakeProviders.csproj", "{E2B4ACAA-21D9-40E3-85C4-A3867FE9B415}"
EndProject
Global
	GlobalSection(SolutionConfigurationPlatforms) = preSolution
		Debug|Any CPU = Debug|Any CPU
		Release|Any CPU = Release|Any CPU
	EndGlobalSection
	GlobalSection(SolutionProperties) = preSolution
		HideSolutionNode = FALSE
	EndGlobalSection
	GlobalSection(ProjectConfigurationPlatforms) = postSolution
		{849C26D0-305C-4222-B56B-E0D820D0AB28}.Debug|Any CPU.ActiveCfg = Debug|Any CPU
		{849C26D0-305C-4222-B56B-E0D820D0AB28}.Debug|Any CPU.Build.0 = Debug|Any CPU
		{849C26D0-305C-4222-B56B-E0D820D0AB28}.Release|Any CPU.ActiveCfg = Release|Any CPU
		{849C26D0-305C-4222-B56B-E0D820D0AB28}.Release|Any CPU.Build.0 = Release|Any CPU
		{645F576F-40D8-4709-AC30-2334B984707A}.Debug|Any CPU.ActiveCfg = Debug|Any CPU
		{645F576F-40D8-4709-AC30-2334B984707A}.Debug|Any CPU.Build.0 = Debug|Any CPU
		{645F576F-40D8-4709-AC30-2334B984707A}.Release|Any CPU.ActiveCfg = Release|Any CPU
		{645F576F-40D8-4709-AC30-2334B984707A}.Release|Any CPU.Build.0 = Release|Any CPU
		{FBDC2422-2829-4A91-BA91-A892594BCAAB}.Debug|Any CPU.ActiveCfg = Debug|Any CPU
		{FBDC2422-2829-4A91-BA91-A892594BCAAB}.Debug|Any CPU.Build.0 = Debug|Any CPU
		{FBDC2422-2829-4A91-BA91-A892594BCAAB}.Release|Any CPU.ActiveCfg = Release|Any CPU
		{FBDC2422-2829-4A91-BA91-A892594BCAAB}.Release|Any CPU.Build.0 = Release|Any CPU
		{5F166075-BA22-4B0A-8144-25497F33B1CC}.Debug|Any CPU.ActiveCfg = Debug|Any CPU
		{5F166075-BA22-4B0A-8144-25497F33B1CC}.Debug|Any CPU.Build.0 = Debug|Any CPU
		{5F166075-BA22-4B0A-8144-25497F33B1CC}.Release|Any CPU.ActiveCfg = Release|Any CPU
		{5F166075-BA22-4B0A-8144-25497F33B1CC}.Release|Any CPU.Build.0 = Release|Any CPU
		{F2E7F464-352A-4AC2-B1CF-1D5B935A7CA4}.Debug|Any CPU.ActiveCfg = Debug|Any CPU
		{F2E7F464-352A-4AC2-B1CF-1D5B935A7CA4}.Debug|Any CPU.Build.0 = Debug|Any CPU
		{F2E7F464-352A-4AC2-B1CF-1D5B935A7CA4}.Release|Any CPU.ActiveCfg = Release|Any CPU
		{F2E7F464-352A-4AC2-B1CF-1D5B935A7CA4}.Release|Any CPU.Build.0 = Release|Any CPU
		{BA871020-2A4F-45CF-A7DE-CA2861A1B28D}.Debug|Any CPU.ActiveCfg = Debug|Any CPU
		{BA871020-2A4F-45CF-A7DE-CA2861A1B28D}.Debug|Any CPU.Build.0 = Debug|Any CPU
		{BA871020-2A4F-45CF-A7DE-CA2861A1B28D}.Release|Any CPU.ActiveCfg = Release|Any CPU
		{BA871020-2A4F-45CF-A7DE-CA2861A1B28D}.Release|Any CPU.Build.0 = Release|Any CPU
		{D758DE83-88DA-44A6-834B-EFDE9246978D}.Debug|Any CPU.ActiveCfg = Debug|Any CPU
		{D758DE83-88DA-44A6-834B-EFDE9246978D}.Debug|Any CPU.Build.0 = Debug|Any CPU
		{D758DE83-88DA-44A6-834B-EFDE9246978D}.Release|Any CPU.ActiveCfg = Release|Any CPU
		{D758DE83-88DA-44A6-834B-EFDE9246978D}.Release|Any CPU.Build.0 = Release|Any CPU
		{39279653-9454-4442-8455-A3AFF65CE94F}.Debug|Any CPU.ActiveCfg = Debug|Any CPU
		{39279653-9454-4442-8455-A3AFF65CE94F}.Debug|Any CPU.Build.0 = Debug|Any CPU
		{39279653-9454-4442-8455-A3AFF65CE94F}.Release|Any CPU.ActiveCfg = Release|Any CPU
		{39279653-9454-4442-8455-A3AFF65CE94F}.Release|Any CPU.Build.0 = Release|Any CPU
		{3C9C491D-FF70-47BF-81A0-860E9AB60A15}.Debug|Any CPU.ActiveCfg = Debug|Any CPU
		{3C9C491D-FF70-47BF-81A0-860E9AB60A15}.Debug|Any CPU.Build.0 = Debug|Any CPU
		{3C9C491D-FF70-47BF-81A0-860E9AB60A15}.Release|Any CPU.ActiveCfg = Release|Any CPU
		{3C9C491D-FF70-47BF-81A0-860E9AB60A15}.Release|Any CPU.Build.0 = Release|Any CPU
		{DDC73ACA-C812-4C77-8F1B-C62EDF34806E}.Debug|Any CPU.ActiveCfg = Debug|Any CPU
		{DDC73ACA-C812-4C77-8F1B-C62EDF34806E}.Debug|Any CPU.Build.0 = Debug|Any CPU
		{DDC73ACA-C812-4C77-8F1B-C62EDF34806E}.Release|Any CPU.ActiveCfg = Release|Any CPU
		{DDC73ACA-C812-4C77-8F1B-C62EDF34806E}.Release|Any CPU.Build.0 = Release|Any CPU
		{44F78408-67D1-4860-9D14-3704DED61C85}.Debug|Any CPU.ActiveCfg = Debug|Any CPU
		{44F78408-67D1-4860-9D14-3704DED61C85}.Debug|Any CPU.Build.0 = Debug|Any CPU
		{44F78408-67D1-4860-9D14-3704DED61C85}.Release|Any CPU.ActiveCfg = Release|Any CPU
		{44F78408-67D1-4860-9D14-3704DED61C85}.Release|Any CPU.Build.0 = Release|Any CPU
		{62A592A2-CB66-4980-B80C-BE0B43B74C2A}.Debug|Any CPU.ActiveCfg = Debug|Any CPU
		{62A592A2-CB66-4980-B80C-BE0B43B74C2A}.Debug|Any CPU.Build.0 = Debug|Any CPU
		{62A592A2-CB66-4980-B80C-BE0B43B74C2A}.Release|Any CPU.ActiveCfg = Release|Any CPU
		{62A592A2-CB66-4980-B80C-BE0B43B74C2A}.Release|Any CPU.Build.0 = Release|Any CPU
		{7F1F509E-4D12-447C-BB93-776677C50A63}.Debug|Any CPU.ActiveCfg = Debug|Any CPU
		{7F1F509E-4D12-447C-BB93-776677C50A63}.Debug|Any CPU.Build.0 = Debug|Any CPU
		{7F1F509E-4D12-447C-BB93-776677C50A63}.Release|Any CPU.ActiveCfg = Release|Any CPU
		{7F1F509E-4D12-447C-BB93-776677C50A63}.Release|Any CPU.Build.0 = Release|Any CPU
		{C1EDA512-4B44-41F0-AC01-C3929DE609BF}.Debug|Any CPU.ActiveCfg = Debug|Any CPU
		{C1EDA512-4B44-41F0-AC01-C3929DE609BF}.Debug|Any CPU.Build.0 = Debug|Any CPU
		{C1EDA512-4B44-41F0-AC01-C3929DE609BF}.Release|Any CPU.ActiveCfg = Release|Any CPU
		{C1EDA512-4B44-41F0-AC01-C3929DE609BF}.Release|Any CPU.Build.0 = Release|Any CPU
		{4160A540-B283-4906-9C2A-011DF17124E5}.Debug|Any CPU.ActiveCfg = Debug|Any CPU
		{4160A540-B283-4906-9C2A-011DF17124E5}.Debug|Any CPU.Build.0 = Debug|Any CPU
		{4160A540-B283-4906-9C2A-011DF17124E5}.Release|Any CPU.ActiveCfg = Release|Any CPU
		{4160A540-B283-4906-9C2A-011DF17124E5}.Release|Any CPU.Build.0 = Release|Any CPU
		{E2B4ACAA-21D9-40E3-85C4-A3867FE9B415}.Debug|Any CPU.ActiveCfg = Debug|Any CPU
		{E2B4ACAA-21D9-40E3-85C4-A3867FE9B415}.Debug|Any CPU.Build.0 = Debug|Any CPU
		{E2B4ACAA-21D9-40E3-85C4-A3867FE9B415}.Release|Any CPU.ActiveCfg = Release|Any CPU
		{E2B4ACAA-21D9-40E3-85C4-A3867FE9B415}.Release|Any CPU.Build.0 = Release|Any CPU
	EndGlobalSection
	GlobalSection(NestedProjects) = preSolution
		{849C26D0-305C-4222-B56B-E0D820D0AB28} = {A6853417-1EA4-4E84-A111-2ADCBC5E4BF0}
		{645F576F-40D8-4709-AC30-2334B984707A} = {A6853417-1EA4-4E84-A111-2ADCBC5E4BF0}
		{FBDC2422-2829-4A91-BA91-A892594BCAAB} = {A6853417-1EA4-4E84-A111-2ADCBC5E4BF0}
		{5F166075-BA22-4B0A-8144-25497F33B1CC} = {A6853417-1EA4-4E84-A111-2ADCBC5E4BF0}
		{F2E7F464-352A-4AC2-B1CF-1D5B935A7CA4} = {A6853417-1EA4-4E84-A111-2ADCBC5E4BF0}
		{BA871020-2A4F-45CF-A7DE-CA2861A1B28D} = {A6853417-1EA4-4E84-A111-2ADCBC5E4BF0}
		{D758DE83-88DA-44A6-834B-EFDE9246978D} = {A6853417-1EA4-4E84-A111-2ADCBC5E4BF0}
		{39279653-9454-4442-8455-A3AFF65CE94F} = {A6853417-1EA4-4E84-A111-2ADCBC5E4BF0}
		{3C9C491D-FF70-47BF-81A0-860E9AB60A15} = {A6853417-1EA4-4E84-A111-2ADCBC5E4BF0}
		{DDC73ACA-C812-4C77-8F1B-C62EDF34806E} = {A6853417-1EA4-4E84-A111-2ADCBC5E4BF0}
		{44F78408-67D1-4860-9D14-3704DED61C85} = {A6853417-1EA4-4E84-A111-2ADCBC5E4BF0}
		{62A592A2-CB66-4980-B80C-BE0B43B74C2A} = {59F23D78-1A5E-4B54-BDDE-F932FD7E7185}
		{7F1F509E-4D12-447C-BB93-776677C50A63} = {59F23D78-1A5E-4B54-BDDE-F932FD7E7185}
		{C1EDA512-4B44-41F0-AC01-C3929DE609BF} = {59F23D78-1A5E-4B54-BDDE-F932FD7E7185}
		{4160A540-B283-4906-9C2A-011DF17124E5} = {59F23D78-1A5E-4B54-BDDE-F932FD7E7185}
		{E2B4ACAA-21D9-40E3-85C4-A3867FE9B415} = {72114AD9-45E9-4D88-B3E0-FA8061CA6686}
	EndGlobalSection
EndGlobal
